
Microsoft Visual Studio Solution File, Format Version 12.00
# Visual Studio 14
VisualStudioVersion = 14.0.23107.0
MinimumVisualStudioVersion = 10.0.40219.1
Project("{FAE04EC0-301F-11D3-BF4B-00C04F79EFBC}") = "UdemyAccountInspiration", "UdemyAccountInspiration\UdemyAccountInspiration.csproj", "{DB09D75D-8F8C-4B50-9E03-6DCA91B1C329}"
EndProject
Global
	GlobalSection(SolutionConfigurationPlatforms) = preSolution
		Debug|Any CPU = Debug|Any CPU
		Release|Any CPU = Release|Any CPU
	EndGlobalSection
	GlobalSection(ProjectConfigurationPlatforms) = postSolution
		{DB09D75D-8F8C-4B50-9E03-6DCA91B1C329}.Debug|Any CPU.ActiveCfg = Debug|Any CPU
		{DB09D75D-8F8C-4B50-9E03-6DCA91B1C329}.Debug|Any CPU.Build.0 = Debug|Any CPU
		{DB09D75D-8F8C-4B50-9E03-6DCA91B1C329}.Release|Any CPU.ActiveCfg = Release|Any CPU
		{DB09D75D-8F8C-4B50-9E03-6DCA91B1C329}.Release|Any CPU.Build.0 = Release|Any CPU
	EndGlobalSection
	GlobalSection(SolutionProperties) = preSolution
		HideSolutionNode = FALSE
	EndGlobalSection
EndGlobal
